
Microsoft Visual Studio Solution File, Format Version 12.00
# Visual Studio Version 16
VisualStudioVersion = 16.0.28803.452
MinimumVisualStudioVersion = 10.0.40219.1
Project("{FAE04EC0-301F-11D3-BF4B-00C04F79EFBC}") = "TaskProgramming1", "TaskProgramming1.csproj", "{927C8946-F005-491E-96CC-376C42DE6356}"
EndProject
Global
	GlobalSection(SolutionConfigurationPlatforms) = preSolution
		Debug|Any CPU = Debug|Any CPU
		Release|Any CPU = Release|Any CPU
	EndGlobalSection
	GlobalSection(ProjectConfigurationPlatforms) = postSolution
		{927C8946-F005-491E-96CC-376C42DE6356}.Debug|Any CPU.ActiveCfg = Debug|Any CPU
		{927C8946-F005-491E-96CC-376C42DE6356}.Debug|Any CPU.Build.0 = Debug|Any CPU
		{927C8946-F005-491E-96CC-376C42DE6356}.Release|Any CPU.ActiveCfg = Release|Any CPU
		{927C8946-F005-491E-96CC-376C42DE6356}.Release|Any CPU.Build.0 = Release|Any CPU
	EndGlobalSection
	GlobalSection(SolutionProperties) = preSolution
		HideSolutionNode = FALSE
	EndGlobalSection
	GlobalSection(ExtensibilityGlobals) = postSolution
		SolutionGuid = {6B5038B2-AA40-4769-8A88-0C5E53094B9B}
	EndGlobalSection
EndGlobal
