
Microsoft Visual Studio Solution File, Format Version 12.00
# Visual Studio Version 16
VisualStudioVersion = 16.0.28803.452
MinimumVisualStudioVersion = 10.0.40219.1
Project("{FAE04EC0-301F-11D3-BF4B-00C04F79EFBC}") = "ToExam4", "ToExam4.csproj", "{F9768EC6-8502-47C8-A1D4-9B8CF9E923F4}"
EndProject
Global
	GlobalSection(SolutionConfigurationPlatforms) = preSolution
		Debug|Any CPU = Debug|Any CPU
		Release|Any CPU = Release|Any CPU
	EndGlobalSection
	GlobalSection(ProjectConfigurationPlatforms) = postSolution
		{F9768EC6-8502-47C8-A1D4-9B8CF9E923F4}.Debug|Any CPU.ActiveCfg = Debug|Any CPU
		{F9768EC6-8502-47C8-A1D4-9B8CF9E923F4}.Debug|Any CPU.Build.0 = Debug|Any CPU
		{F9768EC6-8502-47C8-A1D4-9B8CF9E923F4}.Release|Any CPU.ActiveCfg = Release|Any CPU
		{F9768EC6-8502-47C8-A1D4-9B8CF9E923F4}.Release|Any CPU.Build.0 = Release|Any CPU
	EndGlobalSection
	GlobalSection(SolutionProperties) = preSolution
		HideSolutionNode = FALSE
	EndGlobalSection
	GlobalSection(ExtensibilityGlobals) = postSolution
		SolutionGuid = {4AB4DCAC-F04A-45D9-9F8C-DB5F35FC76C4}
	EndGlobalSection
EndGlobal
