
Microsoft Visual Studio Solution File, Format Version 12.00
# Visual Studio Version 16
VisualStudioVersion = 16.0.28803.452
MinimumVisualStudioVersion = 10.0.40219.1
Project("{FAE04EC0-301F-11D3-BF4B-00C04F79EFBC}") = "ToExam3", "ToExam3.csproj", "{0EEAA5FB-D72F-41D9-9AA4-8683BAA59D09}"
EndProject
Global
	GlobalSection(SolutionConfigurationPlatforms) = preSolution
		Debug|Any CPU = Debug|Any CPU
		Release|Any CPU = Release|Any CPU
	EndGlobalSection
	GlobalSection(ProjectConfigurationPlatforms) = postSolution
		{0EEAA5FB-D72F-41D9-9AA4-8683BAA59D09}.Debug|Any CPU.ActiveCfg = Debug|Any CPU
		{0EEAA5FB-D72F-41D9-9AA4-8683BAA59D09}.Debug|Any CPU.Build.0 = Debug|Any CPU
		{0EEAA5FB-D72F-41D9-9AA4-8683BAA59D09}.Release|Any CPU.ActiveCfg = Release|Any CPU
		{0EEAA5FB-D72F-41D9-9AA4-8683BAA59D09}.Release|Any CPU.Build.0 = Release|Any CPU
	EndGlobalSection
	GlobalSection(SolutionProperties) = preSolution
		HideSolutionNode = FALSE
	EndGlobalSection
	GlobalSection(ExtensibilityGlobals) = postSolution
		SolutionGuid = {C1AF2782-C35B-4350-8A57-C3044B245856}
	EndGlobalSection
EndGlobal
